
Microsoft Visual Studio Solution File, Format Version 12.00
# Visual Studio Version 17
VisualStudioVersion = 17.5.33530.505
MinimumVisualStudioVersion = 10.0.40219.1
Project("{FAE04EC0-301F-11D3-BF4B-00C04F79EFBC}") = "BaiTapLon_LTW", "BaiTapLon_LTW.csproj", "{7DE49FC1-28C1-409B-96AA-DEB8D3DF8FDA}"
EndProject
Global
	GlobalSection(SolutionConfigurationPlatforms) = preSolution
		Debug|Any CPU = Debug|Any CPU
		Release|Any CPU = Release|Any CPU
	EndGlobalSection
	GlobalSection(ProjectConfigurationPlatforms) = postSolution
		{7DE49FC1-28C1-409B-96AA-DEB8D3DF8FDA}.Debug|Any CPU.ActiveCfg = Debug|Any CPU
		{7DE49FC1-28C1-409B-96AA-DEB8D3DF8FDA}.Debug|Any CPU.Build.0 = Debug|Any CPU
		{7DE49FC1-28C1-409B-96AA-DEB8D3DF8FDA}.Release|Any CPU.ActiveCfg = Release|Any CPU
		{7DE49FC1-28C1-409B-96AA-DEB8D3DF8FDA}.Release|Any CPU.Build.0 = Release|Any CPU
	EndGlobalSection
	GlobalSection(SolutionProperties) = preSolution
		HideSolutionNode = FALSE
	EndGlobalSection
	GlobalSection(ExtensibilityGlobals) = postSolution
		SolutionGuid = {21E587B0-5083-4E6D-8FFA-9BC149EA7F51}
	EndGlobalSection
EndGlobal
